
Microsoft Visual Studio Solution File, Format Version 12.00
# Visual Studio Version 17
VisualStudioVersion = 17.4.33403.182
MinimumVisualStudioVersion = 10.0.40219.1
Project("{9A19103F-16F7-4668-BE54-9A1E7A4F7556}") = "Juconda", "Juconda\Juconda.csproj", "{C915F93C-10FA-441C-B463-B1A46D9D70FD}"
EndProject
Project("{9A19103F-16F7-4668-BE54-9A1E7A4F7556}") = "Juconda.Infrastructure", "Juconda.Infrastructure\Juconda.Infrastructure.csproj", "{EB7755EE-5664-481E-88B5-880FA356AACA}"
EndProject
Project("{9A19103F-16F7-4668-BE54-9A1E7A4F7556}") = "Juconda.Core", "Juconda.Core\Juconda.Core.csproj", "{5C779F05-98AA-4DFE-9E9D-3E1E82486C87}"
EndProject
Project("{9A19103F-16F7-4668-BE54-9A1E7A4F7556}") = "Juconda.Domain", "Juconda.Domain\Juconda.Domain.csproj", "{0B286DA0-AABA-4C36-BD4F-AD62B92FA412}"
EndProject
Global
	GlobalSection(SolutionConfigurationPlatforms) = preSolution
		Debug|Any CPU = Debug|Any CPU
		Release|Any CPU = Release|Any CPU
	EndGlobalSection
	GlobalSection(ProjectConfigurationPlatforms) = postSolution
		{C915F93C-10FA-441C-B463-B1A46D9D70FD}.Debug|Any CPU.ActiveCfg = Debug|Any CPU
		{C915F93C-10FA-441C-B463-B1A46D9D70FD}.Debug|Any CPU.Build.0 = Debug|Any CPU
		{C915F93C-10FA-441C-B463-B1A46D9D70FD}.Release|Any CPU.ActiveCfg = Release|Any CPU
		{C915F93C-10FA-441C-B463-B1A46D9D70FD}.Release|Any CPU.Build.0 = Release|Any CPU
		{EB7755EE-5664-481E-88B5-880FA356AACA}.Debug|Any CPU.ActiveCfg = Debug|Any CPU
		{EB7755EE-5664-481E-88B5-880FA356AACA}.Debug|Any CPU.Build.0 = Debug|Any CPU
		{EB7755EE-5664-481E-88B5-880FA356AACA}.Release|Any CPU.ActiveCfg = Release|Any CPU
		{EB7755EE-5664-481E-88B5-880FA356AACA}.Release|Any CPU.Build.0 = Release|Any CPU
		{5C779F05-98AA-4DFE-9E9D-3E1E82486C87}.Debug|Any CPU.ActiveCfg = Debug|Any CPU
		{5C779F05-98AA-4DFE-9E9D-3E1E82486C87}.Debug|Any CPU.Build.0 = Debug|Any CPU
		{5C779F05-98AA-4DFE-9E9D-3E1E82486C87}.Release|Any CPU.ActiveCfg = Release|Any CPU
		{5C779F05-98AA-4DFE-9E9D-3E1E82486C87}.Release|Any CPU.Build.0 = Release|Any CPU
		{0B286DA0-AABA-4C36-BD4F-AD62B92FA412}.Debug|Any CPU.ActiveCfg = Debug|Any CPU
		{0B286DA0-AABA-4C36-BD4F-AD62B92FA412}.Debug|Any CPU.Build.0 = Debug|Any CPU
		{0B286DA0-AABA-4C36-BD4F-AD62B92FA412}.Release|Any CPU.ActiveCfg = Release|Any CPU
		{0B286DA0-AABA-4C36-BD4F-AD62B92FA412}.Release|Any CPU.Build.0 = Release|Any CPU
	EndGlobalSection
	GlobalSection(SolutionProperties) = preSolution
		HideSolutionNode = FALSE
	EndGlobalSection
	GlobalSection(ExtensibilityGlobals) = postSolution
		SolutionGuid = {0142B249-F7D2-4BED-A325-DFDB971517AB}
	EndGlobalSection
EndGlobal
